
Microsoft Visual Studio Solution File, Format Version 12.00
# Visual Studio Version 17
VisualStudioVersion = 17.0.32014.148
MinimumVisualStudioVersion = 10.0.40219.1
Project("{9A19103F-16F7-4668-BE54-9A1E7A4F7556}") = "ApiPractice", "WebApplication1\ApiPractice.csproj", "{F19F7C8F-CFF1-4381-873C-C5848B1B7746}"
EndProject
Project("{2150E333-8FDC-42A3-9474-1A3956D46DE8}") = "Services", "Services", "{22705FF1-194F-454D-997D-81A88D09BCCC}"
EndProject
Project("{2150E333-8FDC-42A3-9474-1A3956D46DE8}") = "Solution Items", "Solution Items", "{14CBD4FA-A7C0-4B8F-927B-3B8BBE36DD01}"
	ProjectSection(SolutionItems) = preProject
		Directory.Build.props = Directory.Build.props
	EndProjectSection
EndProject
Project("{2150E333-8FDC-42A3-9474-1A3956D46DE8}") = "Core", "Core", "{289E4738-2012-449E-AEC9-61EA560C23CF}"
EndProject
Project("{9A19103F-16F7-4668-BE54-9A1E7A4F7556}") = "Types", "Types\Types.csproj", "{B5E6D952-6D0F-466C-895F-4C39B222CAEE}"
EndProject
Project("{9A19103F-16F7-4668-BE54-9A1E7A4F7556}") = "WeatherForecastService", "WeatherForecastService\WeatherForecastService.csproj", "{B6C3965B-D1D7-4B4E-BEC5-AA2EFF2D2179}"
EndProject
Project("{2150E333-8FDC-42A3-9474-1A3956D46DE8}") = "Data Access", "Data Access", "{FE6729A8-4C7F-4875-9E97-DB11C50A18EB}"
EndProject
Project("{9A19103F-16F7-4668-BE54-9A1E7A4F7556}") = "Dummy", "Dummy\Dummy.csproj", "{DCA5DEF5-F0ED-4B95-995C-50EE4EF6670F}"
EndProject
Project("{9A19103F-16F7-4668-BE54-9A1E7A4F7556}") = "Interfaces", "Interfaces\Interfaces.csproj", "{929F0C02-BAB6-400A-BEFF-FD40E642BA43}"
EndProject
Project("{9A19103F-16F7-4668-BE54-9A1E7A4F7556}") = "OpenWeather", "OpenWeather\OpenWeather.csproj", "{4BA6C6D6-D896-41C2-8317-652E5B464F3A}"
EndProject
Project("{9A19103F-16F7-4668-BE54-9A1E7A4F7556}") = "TestHelpers", "TestHelpers\TestHelpers.csproj", "{F48D1760-0870-4BD9-8473-1A1132258533}"
EndProject
Project("{9A19103F-16F7-4668-BE54-9A1E7A4F7556}") = "OpenWeatherTestProjectNunit", "OpenWeatherTestProjectNunit\OpenWeatherTestProjectNunit.csproj", "{68B887BD-6686-40BB-9025-F5A5424B70A4}"
EndProject
Project("{9A19103F-16F7-4668-BE54-9A1E7A4F7556}") = "ConfigurationService", "ConfigurationService\ConfigurationService.csproj", "{F1471F21-6971-454C-8160-00A0175750F4}"
EndProject
Project("{9A19103F-16F7-4668-BE54-9A1E7A4F7556}") = "Helpers", "Helpers\Helpers.csproj", "{98BFE740-D415-4073-ABF9-C1B76E5A529F}"
EndProject
Project("{2150E333-8FDC-42A3-9474-1A3956D46DE8}") = "Utilities", "Utilities", "{D7ACA165-E868-4749-8328-30EC2F5E0C53}"
EndProject
Project("{2150E333-8FDC-42A3-9474-1A3956D46DE8}") = "Memory", "Memory", "{0685D805-7A53-4E94-AAA8-556B6FE866E5}"
EndProject
Project("{9A19103F-16F7-4668-BE54-9A1E7A4F7556}") = "Memory", "Memory\Memory.csproj", "{72FB4BAA-377F-41EE-BFDC-7D3F820BA7F6}"
EndProject
Project("{2150E333-8FDC-42A3-9474-1A3956D46DE8}") = "Redis", "Redis", "{22B2DA4B-B29B-4AED-A5CF-C3A31815BE32}"
EndProject
Project("{9A19103F-16F7-4668-BE54-9A1E7A4F7556}") = "Redis", "Redis\Redis.csproj", "{BD0DCF6B-F510-43E0-93F4-AB8BF6782E48}"
EndProject
Project("{2150E333-8FDC-42A3-9474-1A3956D46DE8}") = "Caching", "Caching", "{CA24493C-1058-4238-8ACD-73F0939579B8}"
EndProject
Project("{FAE04EC0-301F-11D3-BF4B-00C04F79EFBC}") = "Caching", "Caching\Caching.csproj", "{9B34F238-DE2D-4DBF-B421-90E58008371C}"
EndProject
Global
	GlobalSection(SolutionConfigurationPlatforms) = preSolution
		Debug|Any CPU = Debug|Any CPU
		Debug|x64 = Debug|x64
		Release|Any CPU = Release|Any CPU
		Release|x64 = Release|x64
	EndGlobalSection
	GlobalSection(ProjectConfigurationPlatforms) = postSolution
		{F19F7C8F-CFF1-4381-873C-C5848B1B7746}.Debug|Any CPU.ActiveCfg = Debug|x64
		{F19F7C8F-CFF1-4381-873C-C5848B1B7746}.Debug|Any CPU.Build.0 = Debug|x64
		{F19F7C8F-CFF1-4381-873C-C5848B1B7746}.Debug|x64.ActiveCfg = Debug|Any CPU
		{F19F7C8F-CFF1-4381-873C-C5848B1B7746}.Debug|x64.Build.0 = Debug|Any CPU
		{F19F7C8F-CFF1-4381-873C-C5848B1B7746}.Release|Any CPU.ActiveCfg = Release|Any CPU
		{F19F7C8F-CFF1-4381-873C-C5848B1B7746}.Release|Any CPU.Build.0 = Release|Any CPU
		{F19F7C8F-CFF1-4381-873C-C5848B1B7746}.Release|x64.ActiveCfg = Release|Any CPU
		{F19F7C8F-CFF1-4381-873C-C5848B1B7746}.Release|x64.Build.0 = Release|Any CPU
		{B5E6D952-6D0F-466C-895F-4C39B222CAEE}.Debug|Any CPU.ActiveCfg = Debug|x64
		{B5E6D952-6D0F-466C-895F-4C39B222CAEE}.Debug|Any CPU.Build.0 = Debug|x64
		{B5E6D952-6D0F-466C-895F-4C39B222CAEE}.Debug|x64.ActiveCfg = Debug|x64
		{B5E6D952-6D0F-466C-895F-4C39B222CAEE}.Debug|x64.Build.0 = Debug|x64
		{B5E6D952-6D0F-466C-895F-4C39B222CAEE}.Release|Any CPU.ActiveCfg = Release|x64
		{B5E6D952-6D0F-466C-895F-4C39B222CAEE}.Release|Any CPU.Build.0 = Release|x64
		{B5E6D952-6D0F-466C-895F-4C39B222CAEE}.Release|x64.ActiveCfg = Release|x64
		{B5E6D952-6D0F-466C-895F-4C39B222CAEE}.Release|x64.Build.0 = Release|x64
		{B6C3965B-D1D7-4B4E-BEC5-AA2EFF2D2179}.Debug|Any CPU.ActiveCfg = Debug|x64
		{B6C3965B-D1D7-4B4E-BEC5-AA2EFF2D2179}.Debug|Any CPU.Build.0 = Debug|x64
		{B6C3965B-D1D7-4B4E-BEC5-AA2EFF2D2179}.Debug|x64.ActiveCfg = Debug|x64
		{B6C3965B-D1D7-4B4E-BEC5-AA2EFF2D2179}.Debug|x64.Build.0 = Debug|x64
		{B6C3965B-D1D7-4B4E-BEC5-AA2EFF2D2179}.Release|Any CPU.ActiveCfg = Release|x64
		{B6C3965B-D1D7-4B4E-BEC5-AA2EFF2D2179}.Release|Any CPU.Build.0 = Release|x64
		{B6C3965B-D1D7-4B4E-BEC5-AA2EFF2D2179}.Release|x64.ActiveCfg = Release|x64
		{B6C3965B-D1D7-4B4E-BEC5-AA2EFF2D2179}.Release|x64.Build.0 = Release|x64
		{DCA5DEF5-F0ED-4B95-995C-50EE4EF6670F}.Debug|Any CPU.ActiveCfg = Debug|x64
		{DCA5DEF5-F0ED-4B95-995C-50EE4EF6670F}.Debug|Any CPU.Build.0 = Debug|x64
		{DCA5DEF5-F0ED-4B95-995C-50EE4EF6670F}.Debug|x64.ActiveCfg = Debug|x64
		{DCA5DEF5-F0ED-4B95-995C-50EE4EF6670F}.Debug|x64.Build.0 = Debug|x64
		{DCA5DEF5-F0ED-4B95-995C-50EE4EF6670F}.Release|Any CPU.ActiveCfg = Release|x64
		{DCA5DEF5-F0ED-4B95-995C-50EE4EF6670F}.Release|Any CPU.Build.0 = Release|x64
		{DCA5DEF5-F0ED-4B95-995C-50EE4EF6670F}.Release|x64.ActiveCfg = Release|x64
		{DCA5DEF5-F0ED-4B95-995C-50EE4EF6670F}.Release|x64.Build.0 = Release|x64
		{929F0C02-BAB6-400A-BEFF-FD40E642BA43}.Debug|Any CPU.ActiveCfg = Debug|x64
		{929F0C02-BAB6-400A-BEFF-FD40E642BA43}.Debug|Any CPU.Build.0 = Debug|x64
		{929F0C02-BAB6-400A-BEFF-FD40E642BA43}.Debug|x64.ActiveCfg = Debug|x64
		{929F0C02-BAB6-400A-BEFF-FD40E642BA43}.Debug|x64.Build.0 = Debug|x64
		{929F0C02-BAB6-400A-BEFF-FD40E642BA43}.Release|Any CPU.ActiveCfg = Release|x64
		{929F0C02-BAB6-400A-BEFF-FD40E642BA43}.Release|Any CPU.Build.0 = Release|x64
		{929F0C02-BAB6-400A-BEFF-FD40E642BA43}.Release|x64.ActiveCfg = Release|x64
		{929F0C02-BAB6-400A-BEFF-FD40E642BA43}.Release|x64.Build.0 = Release|x64
		{4BA6C6D6-D896-41C2-8317-652E5B464F3A}.Debug|Any CPU.ActiveCfg = Debug|x64
		{4BA6C6D6-D896-41C2-8317-652E5B464F3A}.Debug|Any CPU.Build.0 = Debug|x64
		{4BA6C6D6-D896-41C2-8317-652E5B464F3A}.Debug|x64.ActiveCfg = Debug|x64
		{4BA6C6D6-D896-41C2-8317-652E5B464F3A}.Debug|x64.Build.0 = Debug|x64
		{4BA6C6D6-D896-41C2-8317-652E5B464F3A}.Release|Any CPU.ActiveCfg = Release|x64
		{4BA6C6D6-D896-41C2-8317-652E5B464F3A}.Release|Any CPU.Build.0 = Release|x64
		{4BA6C6D6-D896-41C2-8317-652E5B464F3A}.Release|x64.ActiveCfg = Release|x64
		{4BA6C6D6-D896-41C2-8317-652E5B464F3A}.Release|x64.Build.0 = Release|x64
		{F48D1760-0870-4BD9-8473-1A1132258533}.Debug|Any CPU.ActiveCfg = Debug|x64
		{F48D1760-0870-4BD9-8473-1A1132258533}.Debug|Any CPU.Build.0 = Debug|x64
		{F48D1760-0870-4BD9-8473-1A1132258533}.Debug|x64.ActiveCfg = Debug|x64
		{F48D1760-0870-4BD9-8473-1A1132258533}.Debug|x64.Build.0 = Debug|x64
		{F48D1760-0870-4BD9-8473-1A1132258533}.Release|Any CPU.ActiveCfg = Release|x64
		{F48D1760-0870-4BD9-8473-1A1132258533}.Release|Any CPU.Build.0 = Release|x64
		{F48D1760-0870-4BD9-8473-1A1132258533}.Release|x64.ActiveCfg = Release|x64
		{F48D1760-0870-4BD9-8473-1A1132258533}.Release|x64.Build.0 = Release|x64
		{68B887BD-6686-40BB-9025-F5A5424B70A4}.Debug|Any CPU.ActiveCfg = Debug|x64
		{68B887BD-6686-40BB-9025-F5A5424B70A4}.Debug|Any CPU.Build.0 = Debug|x64
		{68B887BD-6686-40BB-9025-F5A5424B70A4}.Debug|x64.ActiveCfg = Debug|x64
		{68B887BD-6686-40BB-9025-F5A5424B70A4}.Debug|x64.Build.0 = Debug|x64
		{68B887BD-6686-40BB-9025-F5A5424B70A4}.Release|Any CPU.ActiveCfg = Release|x64
		{68B887BD-6686-40BB-9025-F5A5424B70A4}.Release|Any CPU.Build.0 = Release|x64
		{68B887BD-6686-40BB-9025-F5A5424B70A4}.Release|x64.ActiveCfg = Release|x64
		{68B887BD-6686-40BB-9025-F5A5424B70A4}.Release|x64.Build.0 = Release|x64
		{F1471F21-6971-454C-8160-00A0175750F4}.Debug|Any CPU.ActiveCfg = Debug|x64
		{F1471F21-6971-454C-8160-00A0175750F4}.Debug|Any CPU.Build.0 = Debug|x64
		{F1471F21-6971-454C-8160-00A0175750F4}.Debug|x64.ActiveCfg = Debug|x64
		{F1471F21-6971-454C-8160-00A0175750F4}.Debug|x64.Build.0 = Debug|x64
		{F1471F21-6971-454C-8160-00A0175750F4}.Release|Any CPU.ActiveCfg = Release|x64
		{F1471F21-6971-454C-8160-00A0175750F4}.Release|Any CPU.Build.0 = Release|x64
		{F1471F21-6971-454C-8160-00A0175750F4}.Release|x64.ActiveCfg = Release|x64
		{F1471F21-6971-454C-8160-00A0175750F4}.Release|x64.Build.0 = Release|x64
		{98BFE740-D415-4073-ABF9-C1B76E5A529F}.Debug|Any CPU.ActiveCfg = Debug|x64
		{98BFE740-D415-4073-ABF9-C1B76E5A529F}.Debug|Any CPU.Build.0 = Debug|x64
		{98BFE740-D415-4073-ABF9-C1B76E5A529F}.Debug|x64.ActiveCfg = Debug|x64
		{98BFE740-D415-4073-ABF9-C1B76E5A529F}.Debug|x64.Build.0 = Debug|x64
		{98BFE740-D415-4073-ABF9-C1B76E5A529F}.Release|Any CPU.ActiveCfg = Release|x64
		{98BFE740-D415-4073-ABF9-C1B76E5A529F}.Release|Any CPU.Build.0 = Release|x64
		{98BFE740-D415-4073-ABF9-C1B76E5A529F}.Release|x64.ActiveCfg = Release|x64
		{98BFE740-D415-4073-ABF9-C1B76E5A529F}.Release|x64.Build.0 = Release|x64
		{72FB4BAA-377F-41EE-BFDC-7D3F820BA7F6}.Debug|Any CPU.ActiveCfg = Debug|x64
		{72FB4BAA-377F-41EE-BFDC-7D3F820BA7F6}.Debug|Any CPU.Build.0 = Debug|x64
		{72FB4BAA-377F-41EE-BFDC-7D3F820BA7F6}.Debug|x64.ActiveCfg = Debug|x64
		{72FB4BAA-377F-41EE-BFDC-7D3F820BA7F6}.Debug|x64.Build.0 = Debug|x64
		{72FB4BAA-377F-41EE-BFDC-7D3F820BA7F6}.Release|Any CPU.ActiveCfg = Release|x64
		{72FB4BAA-377F-41EE-BFDC-7D3F820BA7F6}.Release|Any CPU.Build.0 = Release|x64
		{72FB4BAA-377F-41EE-BFDC-7D3F820BA7F6}.Release|x64.ActiveCfg = Release|x64
		{72FB4BAA-377F-41EE-BFDC-7D3F820BA7F6}.Release|x64.Build.0 = Release|x64
		{BD0DCF6B-F510-43E0-93F4-AB8BF6782E48}.Debug|Any CPU.ActiveCfg = Debug|x64
		{BD0DCF6B-F510-43E0-93F4-AB8BF6782E48}.Debug|Any CPU.Build.0 = Debug|x64
		{BD0DCF6B-F510-43E0-93F4-AB8BF6782E48}.Debug|x64.ActiveCfg = Debug|x64
		{BD0DCF6B-F510-43E0-93F4-AB8BF6782E48}.Debug|x64.Build.0 = Debug|x64
		{BD0DCF6B-F510-43E0-93F4-AB8BF6782E48}.Release|Any CPU.ActiveCfg = Release|x64
		{BD0DCF6B-F510-43E0-93F4-AB8BF6782E48}.Release|Any CPU.Build.0 = Release|x64
		{BD0DCF6B-F510-43E0-93F4-AB8BF6782E48}.Release|x64.ActiveCfg = Release|x64
		{BD0DCF6B-F510-43E0-93F4-AB8BF6782E48}.Release|x64.Build.0 = Release|x64
		{9B34F238-DE2D-4DBF-B421-90E58008371C}.Debug|Any CPU.ActiveCfg = Debug|x64
		{9B34F238-DE2D-4DBF-B421-90E58008371C}.Debug|Any CPU.Build.0 = Debug|x64
		{9B34F238-DE2D-4DBF-B421-90E58008371C}.Debug|x64.ActiveCfg = Debug|x64
		{9B34F238-DE2D-4DBF-B421-90E58008371C}.Debug|x64.Build.0 = Debug|x64
		{9B34F238-DE2D-4DBF-B421-90E58008371C}.Release|Any CPU.ActiveCfg = Release|x64
		{9B34F238-DE2D-4DBF-B421-90E58008371C}.Release|Any CPU.Build.0 = Release|x64
		{9B34F238-DE2D-4DBF-B421-90E58008371C}.Release|x64.ActiveCfg = Release|x64
		{9B34F238-DE2D-4DBF-B421-90E58008371C}.Release|x64.Build.0 = Release|x64
	EndGlobalSection
	GlobalSection(SolutionProperties) = preSolution
		HideSolutionNode = FALSE
	EndGlobalSection
	GlobalSection(NestedProjects) = preSolution
		{F19F7C8F-CFF1-4381-873C-C5848B1B7746} = {22705FF1-194F-454D-997D-81A88D09BCCC}
		{B5E6D952-6D0F-466C-895F-4C39B222CAEE} = {289E4738-2012-449E-AEC9-61EA560C23CF}
		{B6C3965B-D1D7-4B4E-BEC5-AA2EFF2D2179} = {22705FF1-194F-454D-997D-81A88D09BCCC}
		{DCA5DEF5-F0ED-4B95-995C-50EE4EF6670F} = {FE6729A8-4C7F-4875-9E97-DB11C50A18EB}
		{929F0C02-BAB6-400A-BEFF-FD40E642BA43} = {289E4738-2012-449E-AEC9-61EA560C23CF}
		{4BA6C6D6-D896-41C2-8317-652E5B464F3A} = {FE6729A8-4C7F-4875-9E97-DB11C50A18EB}
		{F48D1760-0870-4BD9-8473-1A1132258533} = {289E4738-2012-449E-AEC9-61EA560C23CF}
		{68B887BD-6686-40BB-9025-F5A5424B70A4} = {FE6729A8-4C7F-4875-9E97-DB11C50A18EB}
		{F1471F21-6971-454C-8160-00A0175750F4} = {289E4738-2012-449E-AEC9-61EA560C23CF}
		{98BFE740-D415-4073-ABF9-C1B76E5A529F} = {289E4738-2012-449E-AEC9-61EA560C23CF}
		{D7ACA165-E868-4749-8328-30EC2F5E0C53} = {289E4738-2012-449E-AEC9-61EA560C23CF}
		{0685D805-7A53-4E94-AAA8-556B6FE866E5} = {D7ACA165-E868-4749-8328-30EC2F5E0C53}
		{72FB4BAA-377F-41EE-BFDC-7D3F820BA7F6} = {0685D805-7A53-4E94-AAA8-556B6FE866E5}
		{22B2DA4B-B29B-4AED-A5CF-C3A31815BE32} = {D7ACA165-E868-4749-8328-30EC2F5E0C53}
		{BD0DCF6B-F510-43E0-93F4-AB8BF6782E48} = {22B2DA4B-B29B-4AED-A5CF-C3A31815BE32}
		{CA24493C-1058-4238-8ACD-73F0939579B8} = {FE6729A8-4C7F-4875-9E97-DB11C50A18EB}
		{9B34F238-DE2D-4DBF-B421-90E58008371C} = {CA24493C-1058-4238-8ACD-73F0939579B8}
	EndGlobalSection
	GlobalSection(ExtensibilityGlobals) = postSolution
		SolutionGuid = {669E28DB-76C6-42D8-A323-DC255B0D82CB}
	EndGlobalSection
EndGlobal
